
Microsoft Visual Studio Solution File, Format Version 12.00
# Visual Studio Version 17
VisualStudioVersion = 17.13.35818.85
MinimumVisualStudioVersion = 10.0.40219.1
Project("{8BC9CEB8-8B4A-11D0-8D11-00A0C91BC942}") = "Day1", "Day1\Day1.vcxproj", "{8F05515D-36A4-4B3C-826D-4A183A1B6F06}"
EndProject
Project("{8BC9CEB8-8B4A-11D0-8D11-00A0C91BC942}") = "Day2", "Day2\Day2.vcxproj", "{53C103A1-B11E-46D0-90EB-C3626013C4B4}"
EndProject
Project("{8BC9CEB8-8B4A-11D0-8D11-00A0C91BC942}") = "Day3", "Day3\Day3.vcxproj", "{1C89DB3D-A24F-4B77-8EC2-5100E30D0E0C}"
EndProject
Project("{8BC9CEB8-8B4A-11D0-8D11-00A0C91BC942}") = "Day4", "Day4\Day4.vcxproj", "{B80BD2F9-8710-4C55-A5CE-E191510A69B7}"
EndProject
Project("{8BC9CEB8-8B4A-11D0-8D11-00A0C91BC942}") = "Day5", "Day5\Day5.vcxproj", "{42E90BCB-1B20-4D6B-AE33-40D19B1A20DE}"
EndProject
Project("{8BC9CEB8-8B4A-11D0-8D11-00A0C91BC942}") = "Day6", "Day6\Day6.vcxproj", "{2574EA98-72F4-4DED-B795-8D4E8A0B3445}"
EndProject
Project("{8BC9CEB8-8B4A-11D0-8D11-00A0C91BC942}") = "Day7", "Day7\Day7.vcxproj", "{902E11A1-BB4C-4AAD-BE31-9DD463ACA598}"
EndProject
Project("{8BC9CEB8-8B4A-11D0-8D11-00A0C91BC942}") = "Day8", "Day8\Day8.vcxproj", "{4148FE4F-81CD-43C0-8158-34825AF7ADAD}"
EndProject
Project("{8BC9CEB8-8B4A-11D0-8D11-00A0C91BC942}") = "Day9", "Day9\Day9.vcxproj", "{11A81180-AFE8-4DE8-A7DA-D760992283FA}"
EndProject
Project("{8BC9CEB8-8B4A-11D0-8D11-00A0C91BC942}") = "Day10", "Day10\Day10.vcxproj", "{BB4A9E70-5785-423F-9400-7B52BB4DF4DF}"
EndProject
Project("{8BC9CEB8-8B4A-11D0-8D11-00A0C91BC942}") = "Day11", "Day11\Day11.vcxproj", "{C0F99E84-5E5C-4726-A8A3-190001A245E0}"
EndProject
Project("{8BC9CEB8-8B4A-11D0-8D11-00A0C91BC942}") = "Day12", "Day12\Day12.vcxproj", "{AA085E33-B928-4484-9E1F-CEF9AD40F1AC}"
EndProject
Project("{8BC9CEB8-8B4A-11D0-8D11-00A0C91BC942}") = "Day13", "Day13\Day13.vcxproj", "{9A8DD068-6A67-4975-AF77-9A3CCF333FAD}"
EndProject
Project("{8BC9CEB8-8B4A-11D0-8D11-00A0C91BC942}") = "Day14", "Day14\Day14.vcxproj", "{701EA338-F382-44C6-A3ED-390975661456}"
EndProject
Project("{8BC9CEB8-8B4A-11D0-8D11-00A0C91BC942}") = "Day15", "Day15\Day15.vcxproj", "{8D0A9302-DED1-42E9-9878-59C0E859D4CD}"
EndProject
Project("{8BC9CEB8-8B4A-11D0-8D11-00A0C91BC942}") = "Day16", "Day16\Day16.vcxproj", "{AD26EB85-A92C-433B-8C3B-1D64F0299B59}"
EndProject
Global
	GlobalSection(SolutionConfigurationPlatforms) = preSolution
		Debug|x64 = Debug|x64
		Debug|x86 = Debug|x86
		Release|x64 = Release|x64
		Release|x86 = Release|x86
	EndGlobalSection
	GlobalSection(ProjectConfigurationPlatforms) = postSolution
		{8F05515D-36A4-4B3C-826D-4A183A1B6F06}.Debug|x64.ActiveCfg = Debug|x64
		{8F05515D-36A4-4B3C-826D-4A183A1B6F06}.Debug|x64.Build.0 = Debug|x64
		{8F05515D-36A4-4B3C-826D-4A183A1B6F06}.Debug|x86.ActiveCfg = Debug|Win32
		{8F05515D-36A4-4B3C-826D-4A183A1B6F06}.Debug|x86.Build.0 = Debug|Win32
		{8F05515D-36A4-4B3C-826D-4A183A1B6F06}.Release|x64.ActiveCfg = Release|x64
		{8F05515D-36A4-4B3C-826D-4A183A1B6F06}.Release|x64.Build.0 = Release|x64
		{8F05515D-36A4-4B3C-826D-4A183A1B6F06}.Release|x86.ActiveCfg = Release|Win32
		{8F05515D-36A4-4B3C-826D-4A183A1B6F06}.Release|x86.Build.0 = Release|Win32
		{53C103A1-B11E-46D0-90EB-C3626013C4B4}.Debug|x64.ActiveCfg = Debug|x64
		{53C103A1-B11E-46D0-90EB-C3626013C4B4}.Debug|x64.Build.0 = Debug|x64
		{53C103A1-B11E-46D0-90EB-C3626013C4B4}.Debug|x86.ActiveCfg = Debug|Win32
		{53C103A1-B11E-46D0-90EB-C3626013C4B4}.Debug|x86.Build.0 = Debug|Win32
		{53C103A1-B11E-46D0-90EB-C3626013C4B4}.Release|x64.ActiveCfg = Release|x64
		{53C103A1-B11E-46D0-90EB-C3626013C4B4}.Release|x64.Build.0 = Release|x64
		{53C103A1-B11E-46D0-90EB-C3626013C4B4}.Release|x86.ActiveCfg = Release|Win32
		{53C103A1-B11E-46D0-90EB-C3626013C4B4}.Release|x86.Build.0 = Release|Win32
		{1C89DB3D-A24F-4B77-8EC2-5100E30D0E0C}.Debug|x64.ActiveCfg = Debug|x64
		{1C89DB3D-A24F-4B77-8EC2-5100E30D0E0C}.Debug|x64.Build.0 = Debug|x64
		{1C89DB3D-A24F-4B77-8EC2-5100E30D0E0C}.Debug|x86.ActiveCfg = Debug|Win32
		{1C89DB3D-A24F-4B77-8EC2-5100E30D0E0C}.Debug|x86.Build.0 = Debug|Win32
		{1C89DB3D-A24F-4B77-8EC2-5100E30D0E0C}.Release|x64.ActiveCfg = Release|x64
		{1C89DB3D-A24F-4B77-8EC2-5100E30D0E0C}.Release|x64.Build.0 = Release|x64
		{1C89DB3D-A24F-4B77-8EC2-5100E30D0E0C}.Release|x86.ActiveCfg = Release|Win32
		{1C89DB3D-A24F-4B77-8EC2-5100E30D0E0C}.Release|x86.Build.0 = Release|Win32
		{B80BD2F9-8710-4C55-A5CE-E191510A69B7}.Debug|x64.ActiveCfg = Debug|x64
		{B80BD2F9-8710-4C55-A5CE-E191510A69B7}.Debug|x64.Build.0 = Debug|x64
		{B80BD2F9-8710-4C55-A5CE-E191510A69B7}.Debug|x86.ActiveCfg = Debug|Win32
		{B80BD2F9-8710-4C55-A5CE-E191510A69B7}.Debug|x86.Build.0 = Debug|Win32
		{B80BD2F9-8710-4C55-A5CE-E191510A69B7}.Release|x64.ActiveCfg = Release|x64
		{B80BD2F9-8710-4C55-A5CE-E191510A69B7}.Release|x64.Build.0 = Release|x64
		{B80BD2F9-8710-4C55-A5CE-E191510A69B7}.Release|x86.ActiveCfg = Release|Win32
		{B80BD2F9-8710-4C55-A5CE-E191510A69B7}.Release|x86.Build.0 = Release|Win32
		{42E90BCB-1B20-4D6B-AE33-40D19B1A20DE}.Debug|x64.ActiveCfg = Debug|x64
		{42E90BCB-1B20-4D6B-AE33-40D19B1A20DE}.Debug|x64.Build.0 = Debug|x64
		{42E90BCB-1B20-4D6B-AE33-40D19B1A20DE}.Debug|x86.ActiveCfg = Debug|Win32
		{42E90BCB-1B20-4D6B-AE33-40D19B1A20DE}.Debug|x86.Build.0 = Debug|Win32
		{42E90BCB-1B20-4D6B-AE33-40D19B1A20DE}.Release|x64.ActiveCfg = Release|x64
		{42E90BCB-1B20-4D6B-AE33-40D19B1A20DE}.Release|x64.Build.0 = Release|x64
		{42E90BCB-1B20-4D6B-AE33-40D19B1A20DE}.Release|x86.ActiveCfg = Release|Win32
		{42E90BCB-1B20-4D6B-AE33-40D19B1A20DE}.Release|x86.Build.0 = Release|Win32
		{2574EA98-72F4-4DED-B795-8D4E8A0B3445}.Debug|x64.ActiveCfg = Debug|x64
		{2574EA98-72F4-4DED-B795-8D4E8A0B3445}.Debug|x64.Build.0 = Debug|x64
		{2574EA98-72F4-4DED-B795-8D4E8A0B3445}.Debug|x86.ActiveCfg = Debug|Win32
		{2574EA98-72F4-4DED-B795-8D4E8A0B3445}.Debug|x86.Build.0 = Debug|Win32
		{2574EA98-72F4-4DED-B795-8D4E8A0B3445}.Release|x64.ActiveCfg = Release|x64
		{2574EA98-72F4-4DED-B795-8D4E8A0B3445}.Release|x64.Build.0 = Release|x64
		{2574EA98-72F4-4DED-B795-8D4E8A0B3445}.Release|x86.ActiveCfg = Release|Win32
		{2574EA98-72F4-4DED-B795-8D4E8A0B3445}.Release|x86.Build.0 = Release|Win32
		{902E11A1-BB4C-4AAD-BE31-9DD463ACA598}.Debug|x64.ActiveCfg = Debug|x64
		{902E11A1-BB4C-4AAD-BE31-9DD463ACA598}.Debug|x64.Build.0 = Debug|x64
		{902E11A1-BB4C-4AAD-BE31-9DD463ACA598}.Debug|x86.ActiveCfg = Debug|Win32
		{902E11A1-BB4C-4AAD-BE31-9DD463ACA598}.Debug|x86.Build.0 = Debug|Win32
		{902E11A1-BB4C-4AAD-BE31-9DD463ACA598}.Release|x64.ActiveCfg = Release|x64
		{902E11A1-BB4C-4AAD-BE31-9DD463ACA598}.Release|x64.Build.0 = Release|x64
		{902E11A1-BB4C-4AAD-BE31-9DD463ACA598}.Release|x86.ActiveCfg = Release|Win32
		{902E11A1-BB4C-4AAD-BE31-9DD463ACA598}.Release|x86.Build.0 = Release|Win32
		{4148FE4F-81CD-43C0-8158-34825AF7ADAD}.Debug|x64.ActiveCfg = Debug|x64
		{4148FE4F-81CD-43C0-8158-34825AF7ADAD}.Debug|x64.Build.0 = Debug|x64
		{4148FE4F-81CD-43C0-8158-34825AF7ADAD}.Debug|x86.ActiveCfg = Debug|Win32
		{4148FE4F-81CD-43C0-8158-34825AF7ADAD}.Debug|x86.Build.0 = Debug|Win32
		{4148FE4F-81CD-43C0-8158-34825AF7ADAD}.Release|x64.ActiveCfg = Release|x64
		{4148FE4F-81CD-43C0-8158-34825AF7ADAD}.Release|x64.Build.0 = Release|x64
		{4148FE4F-81CD-43C0-8158-34825AF7ADAD}.Release|x86.ActiveCfg = Release|Win32
		{4148FE4F-81CD-43C0-8158-34825AF7ADAD}.Release|x86.Build.0 = Release|Win32
		{11A81180-AFE8-4DE8-A7DA-D760992283FA}.Debug|x64.ActiveCfg = Debug|x64
		{11A81180-AFE8-4DE8-A7DA-D760992283FA}.Debug|x64.Build.0 = Debug|x64
		{11A81180-AFE8-4DE8-A7DA-D760992283FA}.Debug|x86.ActiveCfg = Debug|Win32
		{11A81180-AFE8-4DE8-A7DA-D760992283FA}.Debug|x86.Build.0 = Debug|Win32
		{11A81180-AFE8-4DE8-A7DA-D760992283FA}.Release|x64.ActiveCfg = Release|x64
		{11A81180-AFE8-4DE8-A7DA-D760992283FA}.Release|x64.Build.0 = Release|x64
		{11A81180-AFE8-4DE8-A7DA-D760992283FA}.Release|x86.ActiveCfg = Release|Win32
		{11A81180-AFE8-4DE8-A7DA-D760992283FA}.Release|x86.Build.0 = Release|Win32
		{BB4A9E70-5785-423F-9400-7B52BB4DF4DF}.Debug|x64.ActiveCfg = Debug|x64
		{BB4A9E70-5785-423F-9400-7B52BB4DF4DF}.Debug|x64.Build.0 = Debug|x64
		{BB4A9E70-5785-423F-9400-7B52BB4DF4DF}.Debug|x86.ActiveCfg = Debug|Win32
		{BB4A9E70-5785-423F-9400-7B52BB4DF4DF}.Debug|x86.Build.0 = Debug|Win32
		{BB4A9E70-5785-423F-9400-7B52BB4DF4DF}.Release|x64.ActiveCfg = Release|x64
		{BB4A9E70-5785-423F-9400-7B52BB4DF4DF}.Release|x64.Build.0 = Release|x64
		{BB4A9E70-5785-423F-9400-7B52BB4DF4DF}.Release|x86.ActiveCfg = Release|Win32
		{BB4A9E70-5785-423F-9400-7B52BB4DF4DF}.Release|x86.Build.0 = Release|Win32
		{C0F99E84-5E5C-4726-A8A3-190001A245E0}.Debug|x64.ActiveCfg = Debug|x64
		{C0F99E84-5E5C-4726-A8A3-190001A245E0}.Debug|x64.Build.0 = Debug|x64
		{C0F99E84-5E5C-4726-A8A3-190001A245E0}.Debug|x86.ActiveCfg = Debug|Win32
		{C0F99E84-5E5C-4726-A8A3-190001A245E0}.Debug|x86.Build.0 = Debug|Win32
		{C0F99E84-5E5C-4726-A8A3-190001A245E0}.Release|x64.ActiveCfg = Release|x64
		{C0F99E84-5E5C-4726-A8A3-190001A245E0}.Release|x64.Build.0 = Release|x64
		{C0F99E84-5E5C-4726-A8A3-190001A245E0}.Release|x86.ActiveCfg = Release|Win32
		{C0F99E84-5E5C-4726-A8A3-190001A245E0}.Release|x86.Build.0 = Release|Win32
		{AA085E33-B928-4484-9E1F-CEF9AD40F1AC}.Debug|x64.ActiveCfg = Debug|x64
		{AA085E33-B928-4484-9E1F-CEF9AD40F1AC}.Debug|x64.Build.0 = Debug|x64
		{AA085E33-B928-4484-9E1F-CEF9AD40F1AC}.Debug|x86.ActiveCfg = Debug|Win32
		{AA085E33-B928-4484-9E1F-CEF9AD40F1AC}.Debug|x86.Build.0 = Debug|Win32
		{AA085E33-B928-4484-9E1F-CEF9AD40F1AC}.Release|x64.ActiveCfg = Release|x64
		{AA085E33-B928-4484-9E1F-CEF9AD40F1AC}.Release|x64.Build.0 = Release|x64
		{AA085E33-B928-4484-9E1F-CEF9AD40F1AC}.Release|x86.ActiveCfg = Release|Win32
		{AA085E33-B928-4484-9E1F-CEF9AD40F1AC}.Release|x86.Build.0 = Release|Win32
		{9A8DD068-6A67-4975-AF77-9A3CCF333FAD}.Debug|x64.ActiveCfg = Debug|x64
		{9A8DD068-6A67-4975-AF77-9A3CCF333FAD}.Debug|x64.Build.0 = Debug|x64
		{9A8DD068-6A67-4975-AF77-9A3CCF333FAD}.Debug|x86.ActiveCfg = Debug|Win32
		{9A8DD068-6A67-4975-AF77-9A3CCF333FAD}.Debug|x86.Build.0 = Debug|Win32
		{9A8DD068-6A67-4975-AF77-9A3CCF333FAD}.Release|x64.ActiveCfg = Release|x64
		{9A8DD068-6A67-4975-AF77-9A3CCF333FAD}.Release|x64.Build.0 = Release|x64
		{9A8DD068-6A67-4975-AF77-9A3CCF333FAD}.Release|x86.ActiveCfg = Release|Win32
		{9A8DD068-6A67-4975-AF77-9A3CCF333FAD}.Release|x86.Build.0 = Release|Win32
		{701EA338-F382-44C6-A3ED-390975661456}.Debug|x64.ActiveCfg = Debug|x64
		{701EA338-F382-44C6-A3ED-390975661456}.Debug|x64.Build.0 = Debug|x64
		{701EA338-F382-44C6-A3ED-390975661456}.Debug|x86.ActiveCfg = Debug|Win32
		{701EA338-F382-44C6-A3ED-390975661456}.Debug|x86.Build.0 = Debug|Win32
		{701EA338-F382-44C6-A3ED-390975661456}.Release|x64.ActiveCfg = Release|x64
		{701EA338-F382-44C6-A3ED-390975661456}.Release|x64.Build.0 = Release|x64
		{701EA338-F382-44C6-A3ED-390975661456}.Release|x86.ActiveCfg = Release|Win32
		{701EA338-F382-44C6-A3ED-390975661456}.Release|x86.Build.0 = Release|Win32
		{8D0A9302-DED1-42E9-9878-59C0E859D4CD}.Debug|x64.ActiveCfg = Debug|x64
		{8D0A9302-DED1-42E9-9878-59C0E859D4CD}.Debug|x64.Build.0 = Debug|x64
		{8D0A9302-DED1-42E9-9878-59C0E859D4CD}.Debug|x86.ActiveCfg = Debug|Win32
		{8D0A9302-DED1-42E9-9878-59C0E859D4CD}.Debug|x86.Build.0 = Debug|Win32
		{8D0A9302-DED1-42E9-9878-59C0E859D4CD}.Release|x64.ActiveCfg = Release|x64
		{8D0A9302-DED1-42E9-9878-59C0E859D4CD}.Release|x64.Build.0 = Release|x64
		{8D0A9302-DED1-42E9-9878-59C0E859D4CD}.Release|x86.ActiveCfg = Release|Win32
		{8D0A9302-DED1-42E9-9878-59C0E859D4CD}.Release|x86.Build.0 = Release|Win32
		{AD26EB85-A92C-433B-8C3B-1D64F0299B59}.Debug|x64.ActiveCfg = Debug|x64
		{AD26EB85-A92C-433B-8C3B-1D64F0299B59}.Debug|x64.Build.0 = Debug|x64
		{AD26EB85-A92C-433B-8C3B-1D64F0299B59}.Debug|x86.ActiveCfg = Debug|Win32
		{AD26EB85-A92C-433B-8C3B-1D64F0299B59}.Debug|x86.Build.0 = Debug|Win32
		{AD26EB85-A92C-433B-8C3B-1D64F0299B59}.Release|x64.ActiveCfg = Release|x64
		{AD26EB85-A92C-433B-8C3B-1D64F0299B59}.Release|x64.Build.0 = Release|x64
		{AD26EB85-A92C-433B-8C3B-1D64F0299B59}.Release|x86.ActiveCfg = Release|Win32
		{AD26EB85-A92C-433B-8C3B-1D64F0299B59}.Release|x86.Build.0 = Release|Win32
	EndGlobalSection
	GlobalSection(SolutionProperties) = preSolution
		HideSolutionNode = FALSE
	EndGlobalSection
	GlobalSection(ExtensibilityGlobals) = postSolution
		SolutionGuid = {141AA828-8A55-43BD-9E99-BE0942681922}
	EndGlobalSection
EndGlobal
